packages:
  - package: dbt-labs/dbt_utils
    version: 1.1.1
  - package: calogica/dbt_date
    version: 0.10.0
  - git: https://github.com/dbt-labs/dbt-audit-helper.git
    revision: 6499107b5960d7c6140a8a44345034e6eb7b336d
  - package: dbt-labs/dbt_project_evaluator
    version: 0.14.3
sha1_hash: 7d3e495e75ce19b1c48b75cfc59064a140c4cc25
